
Microsoft Visual Studio Solution File, Format Version 12.00
# Visual Studio Version 16
VisualStudioVersion = 16.0.32602.291
MinimumVisualStudioVersion = 10.0.40219.1
Project("{8BC9CEB8-8B4A-11D0-8D11-00A0C91BC942}") = "SocketProgramingExample", "SocketProgramingExample\SocketProgramingExample.vcxproj", "{21F0251A-2715-4465-B613-C480466BC45D}"
EndProject
Project("{8BC9CEB8-8B4A-11D0-8D11-00A0C91BC942}") = "SocketProgrammingExampleClient", "SocketProgrammingExampleClient\SocketProgrammingExampleClient.vcxproj", "{F4362157-7DDF-4733-826F-20876438D089}"
EndProject
Project("{8BC9CEB8-8B4A-11D0-8D11-00A0C91BC942}") = "SocketProgrammingServerExample", "SocketProgrammingServerExample\SocketProgrammingServerExample.vcxproj", "{8B761810-D9C3-4C71-AEC0-B94F2D052DDF}"
EndProject
Project("{8BC9CEB8-8B4A-11D0-8D11-00A0C91BC942}") = "IOCPChatServerExample", "IOCPChatServerExample\IOCPChatServerExample.vcxproj", "{1A5D25C0-84A0-4F72-AABF-73B3C156C6CB}"
EndProject
Global
	GlobalSection(SolutionConfigurationPlatforms) = preSolution
		Debug|x64 = Debug|x64
		Debug|x86 = Debug|x86
		Release|x64 = Release|x64
		Release|x86 = Release|x86
	EndGlobalSection
	GlobalSection(ProjectConfigurationPlatforms) = postSolution
		{21F0251A-2715-4465-B613-C480466BC45D}.Debug|x64.ActiveCfg = Debug|x64
		{21F0251A-2715-4465-B613-C480466BC45D}.Debug|x64.Build.0 = Debug|x64
		{21F0251A-2715-4465-B613-C480466BC45D}.Debug|x86.ActiveCfg = Debug|Win32
		{21F0251A-2715-4465-B613-C480466BC45D}.Debug|x86.Build.0 = Debug|Win32
		{21F0251A-2715-4465-B613-C480466BC45D}.Release|x64.ActiveCfg = Release|x64
		{21F0251A-2715-4465-B613-C480466BC45D}.Release|x64.Build.0 = Release|x64
		{21F0251A-2715-4465-B613-C480466BC45D}.Release|x86.ActiveCfg = Release|Win32
		{21F0251A-2715-4465-B613-C480466BC45D}.Release|x86.Build.0 = Release|Win32
		{F4362157-7DDF-4733-826F-20876438D089}.Debug|x64.ActiveCfg = Debug|x64
		{F4362157-7DDF-4733-826F-20876438D089}.Debug|x64.Build.0 = Debug|x64
		{F4362157-7DDF-4733-826F-20876438D089}.Debug|x86.ActiveCfg = Debug|Win32
		{F4362157-7DDF-4733-826F-20876438D089}.Debug|x86.Build.0 = Debug|Win32
		{F4362157-7DDF-4733-826F-20876438D089}.Release|x64.ActiveCfg = Release|x64
		{F4362157-7DDF-4733-826F-20876438D089}.Release|x64.Build.0 = Release|x64
		{F4362157-7DDF-4733-826F-20876438D089}.Release|x86.ActiveCfg = Release|Win32
		{F4362157-7DDF-4733-826F-20876438D089}.Release|x86.Build.0 = Release|Win32
		{8B761810-D9C3-4C71-AEC0-B94F2D052DDF}.Debug|x64.ActiveCfg = Debug|x64
		{8B761810-D9C3-4C71-AEC0-B94F2D052DDF}.Debug|x64.Build.0 = Debug|x64
		{8B761810-D9C3-4C71-AEC0-B94F2D052DDF}.Debug|x86.ActiveCfg = Debug|Win32
		{8B761810-D9C3-4C71-AEC0-B94F2D052DDF}.Debug|x86.Build.0 = Debug|Win32
		{8B761810-D9C3-4C71-AEC0-B94F2D052DDF}.Release|x64.ActiveCfg = Release|x64
		{8B761810-D9C3-4C71-AEC0-B94F2D052DDF}.Release|x64.Build.0 = Release|x64
		{8B761810-D9C3-4C71-AEC0-B94F2D052DDF}.Release|x86.ActiveCfg = Release|Win32
		{8B761810-D9C3-4C71-AEC0-B94F2D052DDF}.Release|x86.Build.0 = Release|Win32
		{1A5D25C0-84A0-4F72-AABF-73B3C156C6CB}.Debug|x64.ActiveCfg = Debug|x64
		{1A5D25C0-84A0-4F72-AABF-73B3C156C6CB}.Debug|x64.Build.0 = Debug|x64
		{1A5D25C0-84A0-4F72-AABF-73B3C156C6CB}.Debug|x86.ActiveCfg = Debug|Win32
		{1A5D25C0-84A0-4F72-AABF-73B3C156C6CB}.Debug|x86.Build.0 = Debug|Win32
		{1A5D25C0-84A0-4F72-AABF-73B3C156C6CB}.Release|x64.ActiveCfg = Release|x64
		{1A5D25C0-84A0-4F72-AABF-73B3C156C6CB}.Release|x64.Build.0 = Release|x64
		{1A5D25C0-84A0-4F72-AABF-73B3C156C6CB}.Release|x86.ActiveCfg = Release|Win32
		{1A5D25C0-84A0-4F72-AABF-73B3C156C6CB}.Release|x86.Build.0 = Release|Win32
	EndGlobalSection
	GlobalSection(SolutionProperties) = preSolution
		HideSolutionNode = FALSE
	EndGlobalSection
	GlobalSection(ExtensibilityGlobals) = postSolution
		SolutionGuid = {3E802E91-4E9A-4045-A795-68ABE100C88D}
	EndGlobalSection
EndGlobal
